
Microsoft Visual Studio Solution File, Format Version 12.00
# Visual Studio Version 16
VisualStudioVersion = 16.0.29806.167
MinimumVisualStudioVersion = 10.0.40219.1
Project("{FAE04EC0-301F-11D3-BF4B-00C04F79EFBC}") = "NET2CommonHelper", "NET2CommonHelper\NET2CommonHelper.csproj", "{084F768B-F506-4EB4-AA89-AC1BD102170A}"
EndProject
Project("{FAE04EC0-301F-11D3-BF4B-00C04F79EFBC}") = "NET2CommonHelper.Win", "NET2CommonHelper.Win\NET2CommonHelper.Win.csproj", "{BF9588AD-21E5-42E1-B416-9F6A4B91DE08}"
EndProject
Project("{FAE04EC0-301F-11D3-BF4B-00C04F79EFBC}") = "NET2CommonHelper.Web", "NET2CommonHelper.Web\NET2CommonHelper.Web.csproj", "{A0140F2A-DE35-4D29-A7F4-482317C7B096}"
EndProject
Global
	GlobalSection(SolutionConfigurationPlatforms) = preSolution
		Debug|Any CPU = Debug|Any CPU
		Release|Any CPU = Release|Any CPU
	EndGlobalSection
	GlobalSection(ProjectConfigurationPlatforms) = postSolution
		{084F768B-F506-4EB4-AA89-AC1BD102170A}.Debug|Any CPU.ActiveCfg = Debug|Any CPU
		{084F768B-F506-4EB4-AA89-AC1BD102170A}.Debug|Any CPU.Build.0 = Debug|Any CPU
		{084F768B-F506-4EB4-AA89-AC1BD102170A}.Release|Any CPU.ActiveCfg = Release|Any CPU
		{084F768B-F506-4EB4-AA89-AC1BD102170A}.Release|Any CPU.Build.0 = Release|Any CPU
		{BF9588AD-21E5-42E1-B416-9F6A4B91DE08}.Debug|Any CPU.ActiveCfg = Debug|Any CPU
		{BF9588AD-21E5-42E1-B416-9F6A4B91DE08}.Debug|Any CPU.Build.0 = Debug|Any CPU
		{BF9588AD-21E5-42E1-B416-9F6A4B91DE08}.Release|Any CPU.ActiveCfg = Release|Any CPU
		{BF9588AD-21E5-42E1-B416-9F6A4B91DE08}.Release|Any CPU.Build.0 = Release|Any CPU
		{A0140F2A-DE35-4D29-A7F4-482317C7B096}.Debug|Any CPU.ActiveCfg = Debug|Any CPU
		{A0140F2A-DE35-4D29-A7F4-482317C7B096}.Debug|Any CPU.Build.0 = Debug|Any CPU
		{A0140F2A-DE35-4D29-A7F4-482317C7B096}.Release|Any CPU.ActiveCfg = Release|Any CPU
		{A0140F2A-DE35-4D29-A7F4-482317C7B096}.Release|Any CPU.Build.0 = Release|Any CPU
	EndGlobalSection
	GlobalSection(SolutionProperties) = preSolution
		HideSolutionNode = FALSE
	EndGlobalSection
	GlobalSection(ExtensibilityGlobals) = postSolution
		SolutionGuid = {AB39A48C-0CC2-41F1-8489-9D8FDFA6D9C0}
	EndGlobalSection
EndGlobal
